<?xml version="1.0" encoding="utf-8"?>
<Project ToolsVersion="4.0" xmlns="http://schemas.microsoft.com/developer/msbuild/2003">
  <ItemGroup>
    <Filter Include="Source Files">
      <UniqueIdentifier>{4FC737F1-C7A5-4376-A066-2A32D752A2FF}</UniqueIdentifier>
      <Extensions>cpp;c;cc;cxx;c++;cppm;ixx;def;odl;idl;hpj;bat;asm;asmx</Extensions>
    </Filter>
    <Filter Include="Header Files">
      <UniqueIdentifier>{93995380-89BD-4b04-88EB-625FBE52EBFB}</UniqueIdentifier>
      <Extensions>h;hh;hpp;hxx;h++;hm;inl;inc;ipp;xsd</Extensions>
    </Filter>
    <Filter Include="Resource Files">
      <UniqueIdentifier>{67DA6AB6-F800-4c08-8B7A-83BB121AAD01}</UniqueIdentifier>
      <Extensions>rc;ico;cur;bmp;dlg;rc2;rct;bin;rgs;gif;jpg;jpeg;jpe;resx;tiff;tif;png;wav;mfcribbon-ms</Extensions>
    </Filter>
    <Filter Include="Source Files\core">
      <UniqueIdentifier>{6370f6c7-1996-4cc5-9318-d4a87762dff4}</UniqueIdentifier>
    </Filter>
    <Filter Include="Source Files\graphics">
      <UniqueIdentifier>{99c9882e-f54f-4bd1-8045-3f76ab15af4d}</UniqueIdentifier>
    </Filter>
    <Filter Include="Source Files\graphics\vulkan">
      <UniqueIdentifier>{b51b8b3d-7f81-4424-b493-fb70094afda0}</UniqueIdentifier>
    </Filter>
    <Filter Include="Source Files\utils">
      <UniqueIdentifier>{f4427a45-0492-4e1a-a526-a970b546c07b}</UniqueIdentifier>
    </Filter>
    <Filter Include="Header Files\core">
      <UniqueIdentifier>{5e34cc02-b018-4e15-8a32-0fe7e945bfdd}</UniqueIdentifier>
    </Filter>
    <Filter Include="Header Files\graphics">
      <UniqueIdentifier>{6a9eb364-bf16-4c0d-97e1-bccc8e9ba2f6}</UniqueIdentifier>
    </Filter>
    <Filter Include="Header Files\graphics\vulkan">
      <UniqueIdentifier>{0af57f51-8a14-4a95-9981-6be52cdd34ed}</UniqueIdentifier>
    </Filter>
    <Filter Include="Header Files\utils">
      <UniqueIdentifier>{e6ba2ff0-eff8-4cf0-a574-6ddc382b185a}</UniqueIdentifier>
    </Filter>
  </ItemGroup>
  <ItemGroup>
    <ClCompile Include="src\core\inputHandler.cpp">
      <Filter>Source Files\core</Filter>
    </ClCompile>
    <ClCompile Include="src\graphics\vulkan\vulkanDeviceQueueFamilyIndices.cpp">
      <Filter>Source Files\graphics\vulkan</Filter>
    </ClCompile>
    <ClCompile Include="src\graphics\vulkan\vulkanRenderer.cpp">
      <Filter>Source Files\graphics\vulkan</Filter>
    </ClCompile>
    <ClCompile Include="src\graphics\window.cpp">
      <Filter>Source Files\graphics</Filter>
    </ClCompile>
    <ClCompile Include="src\utils\configuration.cpp">
      <Filter>Source Files\utils</Filter>
    </ClCompile>
  </ItemGroup>
  <ItemGroup>
    <ClInclude Include="include\core\inputHandler.hpp">
      <Filter>Header Files\core</Filter>
    </ClInclude>
    <ClInclude Include="include\graphics\renderAPI.hpp">
      <Filter>Header Files\graphics</Filter>
    </ClInclude>
    <ClInclude Include="include\graphics\window.hpp">
      <Filter>Header Files\graphics</Filter>
    </ClInclude>
    <ClInclude Include="include\graphics\vulkan\vulkanDeviceQueueFamilyIndices.hpp">
      <Filter>Header Files\graphics\vulkan</Filter>
    </ClInclude>
    <ClInclude Include="include\graphics\vulkan\vulkanRenderer.hpp">
      <Filter>Header Files\graphics\vulkan</Filter>
    </ClInclude>
    <ClInclude Include="include\utils\configuration.hpp">
      <Filter>Header Files\utils</Filter>
    </ClInclude>
    <ClInclude Include="include\flexEngine.hpp">
      <Filter>Header Files</Filter>
    </ClInclude>
    <ClInclude Include="include\core\main.hpp">
      <Filter>Header Files\core</Filter>
    </ClInclude>
  </ItemGroup>
</Project>